// !$*UTF8*$!
{
	archiveVersion = 1;
	classes = {
	};
	objectVersion = 51;
	objects = {

/* Begin PBXBuildFile section */
		023FFFEE32BE6EEFDE7DAC0F /* libPods-TinkoffChatTests.a in Frameworks */ = {isa = PBXBuildFile; fileRef = 8F45619341C7DFD09117FDDF /* libPods-TinkoffChatTests.a */; };
		B6308D2838B76E6A405A0D72 /* Pods_TinkoffChat.framework in Frameworks */ = {isa = PBXBuildFile; fileRef = 626C647BF232694FEE0E5D14 /* Pods_TinkoffChat.framework */; };
		EE0077CE2441C43800573CD5 /* MessageService.swift in Sources */ = {isa = PBXBuildFile; fileRef = EE0077CC2441C43800573CD5 /* MessageService.swift */; };
		EE0077CF2441C43800573CD5 /* ChannelService.swift in Sources */ = {isa = PBXBuildFile; fileRef = EE0077CD2441C43800573CD5 /* ChannelService.swift */; };
		EE0077D22441C74D00573CD5 /* ConversationListDataSource.swift in Sources */ = {isa = PBXBuildFile; fileRef = EE0077D12441C74D00573CD5 /* ConversationListDataSource.swift */; };
		EE0077D52441CADB00573CD5 /* ConversationDataSource.swift in Sources */ = {isa = PBXBuildFile; fileRef = EE0077D42441CADB00573CD5 /* ConversationDataSource.swift */; };
		EE0077D82441CBDB00573CD5 /* ProfileImagePickerDelegate.swift in Sources */ = {isa = PBXBuildFile; fileRef = EE0077D72441CBDB00573CD5 /* ProfileImagePickerDelegate.swift */; };
		EE0077DA2441F87D00573CD5 /* CoreAssembly.swift in Sources */ = {isa = PBXBuildFile; fileRef = EE0077D92441F87D00573CD5 /* CoreAssembly.swift */; };
		EE0077DC24421A5A00573CD5 /* KeyboardManager.swift in Sources */ = {isa = PBXBuildFile; fileRef = EE0077DB24421A5A00573CD5 /* KeyboardManager.swift */; };
		EE092C5623F5C91500B30E08 /* AppDelegate.swift in Sources */ = {isa = PBXBuildFile; fileRef = EE092C5523F5C91500B30E08 /* AppDelegate.swift */; };
		EE092C5D23F5C91500B30E08 /* Main.storyboard in Resources */ = {isa = PBXBuildFile; fileRef = EE092C5B23F5C91500B30E08 /* Main.storyboard */; };
		EE092C6223F5C91500B30E08 /* Assets.xcassets in Resources */ = {isa = PBXBuildFile; fileRef = EE092C6123F5C91500B30E08 /* Assets.xcassets */; };
		EE092C6523F5C91500B30E08 /* LaunchScreen.storyboard in Resources */ = {isa = PBXBuildFile; fileRef = EE092C6323F5C91500B30E08 /* LaunchScreen.storyboard */; };
		EE20A1BF245C44DC00A04EB0 /* ChannelSorter.swift in Sources */ = {isa = PBXBuildFile; fileRef = EE20A1BE245C44DC00A04EB0 /* ChannelSorter.swift */; };
		EE20A1C1245C784900A04EB0 /* ChannelsSorterTests.swift in Sources */ = {isa = PBXBuildFile; fileRef = EE20A1C0245C784900A04EB0 /* ChannelsSorterTests.swift */; };
		EE20A1D0245D73ED00A04EB0 /* ChannelSorter.swift in Sources */ = {isa = PBXBuildFile; fileRef = EE20A1BE245C44DC00A04EB0 /* ChannelSorter.swift */; };
		EE20A1D3245D834E00A04EB0 /* MessageFirebaseModel.swift in Sources */ = {isa = PBXBuildFile; fileRef = EE20A1D2245D834E00A04EB0 /* MessageFirebaseModel.swift */; };
		EE20A1D4245D845F00A04EB0 /* ChannelFirebaseModel.swift in Sources */ = {isa = PBXBuildFile; fileRef = EE46F5452440DBD700A94F27 /* ChannelFirebaseModel.swift */; };
		EE2560892440D9A6005BEFEB /* CoreDataModel.xcdatamodeld in Sources */ = {isa = PBXBuildFile; fileRef = EE2560862440D9A6005BEFEB /* CoreDataModel.xcdatamodeld */; };
		EE3F474A2449BC2F00D8C8DF /* LoaderImageViewController.swift in Sources */ = {isa = PBXBuildFile; fileRef = EE3F47492449BC2F00D8C8DF /* LoaderImageViewController.swift */; };
		EE42F346242F6A65006463FA /* CoreDataStack.swift in Sources */ = {isa = PBXBuildFile; fileRef = EE42F345242F6A65006463FA /* CoreDataStack.swift */; };
		EE42F348242F7283006463FA /* AppUser.swift in Sources */ = {isa = PBXBuildFile; fileRef = EE42F347242F7283006463FA /* AppUser.swift */; };
		EE42F34A242F737A006463FA /* AppUser+CoreDataProperties.swift in Sources */ = {isa = PBXBuildFile; fileRef = EE42F349242F737A006463FA /* AppUser+CoreDataProperties.swift */; };
		EE42F352242F7A1E006463FA /* StorageManager.swift in Sources */ = {isa = PBXBuildFile; fileRef = EE42F351242F7A1E006463FA /* StorageManager.swift */; };
		EE46F5392440DBCD00A94F27 /* ConfigurationCellModel.swift in Sources */ = {isa = PBXBuildFile; fileRef = EE46F52C2440DBCD00A94F27 /* ConfigurationCellModel.swift */; };
		EE46F53A2440DBCD00A94F27 /* MessageCellModel.swift in Sources */ = {isa = PBXBuildFile; fileRef = EE46F52D2440DBCD00A94F27 /* MessageCellModel.swift */; };
		EE46F53B2440DBCD00A94F27 /* ConversationsListViewController.swift in Sources */ = {isa = PBXBuildFile; fileRef = EE46F52F2440DBCD00A94F27 /* ConversationsListViewController.swift */; };
		EE46F53C2440DBCD00A94F27 /* ProfileViewController.swift in Sources */ = {isa = PBXBuildFile; fileRef = EE46F5302440DBCD00A94F27 /* ProfileViewController.swift */; };
		EE46F53D2440DBCD00A94F27 /* ConversationViewController.swift in Sources */ = {isa = PBXBuildFile; fileRef = EE46F5312440DBCD00A94F27 /* ConversationViewController.swift */; };
		EE46F53E2440DBCD00A94F27 /* ConversationCell.swift in Sources */ = {isa = PBXBuildFile; fileRef = EE46F5332440DBCD00A94F27 /* ConversationCell.swift */; };
		EE46F53F2440DBCD00A94F27 /* MessageeCell.xib in Resources */ = {isa = PBXBuildFile; fileRef = EE46F5342440DBCD00A94F27 /* MessageeCell.xib */; };
		EE46F5402440DBCD00A94F27 /* MessageeCell.swift in Sources */ = {isa = PBXBuildFile; fileRef = EE46F5352440DBCD00A94F27 /* MessageeCell.swift */; };
		EE46F5412440DBCD00A94F27 /* ConversationCell.xib in Resources */ = {isa = PBXBuildFile; fileRef = EE46F5362440DBCD00A94F27 /* ConversationCell.xib */; };
		EE46F5422440DBCD00A94F27 /* ConfigurableView.swift in Sources */ = {isa = PBXBuildFile; fileRef = EE46F5382440DBCD00A94F27 /* ConfigurableView.swift */; };
		EE46F54D2440DBD700A94F27 /* ChannelFirebaseModel.swift in Sources */ = {isa = PBXBuildFile; fileRef = EE46F5452440DBD700A94F27 /* ChannelFirebaseModel.swift */; };
		EE46F54E2440DBD700A94F27 /* OperationDataManager.swift in Sources */ = {isa = PBXBuildFile; fileRef = EE46F5472440DBD700A94F27 /* OperationDataManager.swift */; };
		EE46F54F2440DBD700A94F27 /* DataManager.swift in Sources */ = {isa = PBXBuildFile; fileRef = EE46F5482440DBD700A94F27 /* DataManager.swift */; };
		EE46F5502440DBD700A94F27 /* GCDDataManager.swift in Sources */ = {isa = PBXBuildFile; fileRef = EE46F5492440DBD700A94F27 /* GCDDataManager.swift */; };
		EE46F5512440DBD700A94F27 /* AsyncOperation.swift in Sources */ = {isa = PBXBuildFile; fileRef = EE46F54A2440DBD700A94F27 /* AsyncOperation.swift */; };
		EE7A79ED2443704200FF66E0 /* ServiceAssembly.swift in Sources */ = {isa = PBXBuildFile; fileRef = EE7A79EC2443704200FF66E0 /* ServiceAssembly.swift */; };
		EE93901C243795A400B4D1C9 /* MessageEntity.swift in Sources */ = {isa = PBXBuildFile; fileRef = EE93901B243795A400B4D1C9 /* MessageEntity.swift */; };
		EE9390202437982200B4D1C9 /* MessageFetchRequester.swift in Sources */ = {isa = PBXBuildFile; fileRef = EE93901F2437982200B4D1C9 /* MessageFetchRequester.swift */; };
		EEB5B5A82449E2230079491A /* DownloadImageCollectionViewCell.swift in Sources */ = {isa = PBXBuildFile; fileRef = EEB5B5A72449E2230079491A /* DownloadImageCollectionViewCell.swift */; };
		EEB5B5AA2449E3BF0079491A /* LoaderImageVCDataSource.swift in Sources */ = {isa = PBXBuildFile; fileRef = EEB5B5A92449E3BF0079491A /* LoaderImageVCDataSource.swift */; };
		EEB5B5AC2449E3FE0079491A /* LoaderImageVCDelegate.swift in Sources */ = {isa = PBXBuildFile; fileRef = EEB5B5AB2449E3FE0079491A /* LoaderImageVCDelegate.swift */; };
		EEB5B5B02449E4530079491A /* LoaderImageVCFlowLayout.swift in Sources */ = {isa = PBXBuildFile; fileRef = EEB5B5AF2449E4530079491A /* LoaderImageVCFlowLayout.swift */; };
		EEB5B5B32449EB4A0079491A /* RequestConfiguration.swift in Sources */ = {isa = PBXBuildFile; fileRef = EEB5B5B22449EB4A0079491A /* RequestConfiguration.swift */; };
		EEB5B5B52449EBA60079491A /* ImageRequestStorageParser.swift in Sources */ = {isa = PBXBuildFile; fileRef = EEB5B5B42449EBA60079491A /* ImageRequestStorageParser.swift */; };
		EEB5B5B72449EBF40079491A /* ImageRequest.swift in Sources */ = {isa = PBXBuildFile; fileRef = EEB5B5B62449EBF40079491A /* ImageRequest.swift */; };
		EEB5B5B92449EC870079491A /* ImageProvider.swift in Sources */ = {isa = PBXBuildFile; fileRef = EEB5B5B82449EC870079491A /* ImageProvider.swift */; };
		EEB5B5BB2449ECC70079491A /* RequestSender.swift in Sources */ = {isa = PBXBuildFile; fileRef = EEB5B5BA2449ECC70079491A /* RequestSender.swift */; };
		EEB5B5BD2449ED0B0079491A /* RequestFactory.swift in Sources */ = {isa = PBXBuildFile; fileRef = EEB5B5BC2449ED0B0079491A /* RequestFactory.swift */; };
		EEB5B5BF2449ED320079491A /* Requests.swift in Sources */ = {isa = PBXBuildFile; fileRef = EEB5B5BE2449ED320079491A /* Requests.swift */; };
		EEB5B5C22449EDF40079491A /* NetworkManager.swift in Sources */ = {isa = PBXBuildFile; fileRef = EEB5B5C12449EDF40079491A /* NetworkManager.swift */; };
		EEB5B5C42449EE480079491A /* ImageDownloadManager.swift in Sources */ = {isa = PBXBuildFile; fileRef = EEB5B5C32449EE480079491A /* ImageDownloadManager.swift */; };
		EEB5B5C62449EEAC0079491A /* LoaderImagerInteractor.swift in Sources */ = {isa = PBXBuildFile; fileRef = EEB5B5C52449EEAC0079491A /* LoaderImagerInteractor.swift */; };
		EEC1D79F2411174000CA961E /* TinkoffChat_iOS.h in Headers */ = {isa = PBXBuildFile; fileRef = EEC1D79D2411174000CA961E /* TinkoffChat_iOS.h */; settings = {ATTRIBUTES = (Public, ); }; };
		EEC1D7A22411174000CA961E /* TinkoffChat.framework in Frameworks */ = {isa = PBXBuildFile; fileRef = EEC1D79B2411174000CA961E /* TinkoffChat.framework */; };
		EEC1D7A32411174000CA961E /* TinkoffChat.framework in Embed Frameworks */ = {isa = PBXBuildFile; fileRef = EEC1D79B2411174000CA961E /* TinkoffChat.framework */; settings = {ATTRIBUTES = (CodeSignOnCopy, RemoveHeadersOnCopy, ); }; };
		EEE269002437A94E00A42C68 /* MessageEntity+CoreDataProperties.swift in Sources */ = {isa = PBXBuildFile; fileRef = EEE268FF2437A94E00A42C68 /* MessageEntity+CoreDataProperties.swift */; };
		EEE269022437AD8200A42C68 /* ConversationEntity.swift in Sources */ = {isa = PBXBuildFile; fileRef = EEE269012437AD8200A42C68 /* ConversationEntity.swift */; };
		EEE269042437AD9C00A42C68 /* ComversationEntity+CoreDataProperties.swift in Sources */ = {isa = PBXBuildFile; fileRef = EEE269032437AD9C00A42C68 /* ComversationEntity+CoreDataProperties.swift */; };
		EEE269062437ADF700A42C68 /* ConversationFetchRequester.swift in Sources */ = {isa = PBXBuildFile; fileRef = EEE269052437ADF700A42C68 /* ConversationFetchRequester.swift */; };
		EEFC95FB243A42DB00FCF60C /* GoogleService-Info.plist in Resources */ = {isa = PBXBuildFile; fileRef = EEFC95FA243A42DB00FCF60C /* GoogleService-Info.plist */; };
/* End PBXBuildFile section */

/* Begin PBXContainerItemProxy section */
		EE092C6C23F5C91500B30E08 /* PBXContainerItemProxy */ = {
			isa = PBXContainerItemProxy;
			containerPortal = EE092C4A23F5C91500B30E08 /* Project object */;
			proxyType = 1;
			remoteGlobalIDString = EE092C5123F5C91500B30E08;
			remoteInfo = TinkoffChat;
		};
		EEC1D7A02411174000CA961E /* PBXContainerItemProxy */ = {
			isa = PBXContainerItemProxy;
			containerPortal = EE092C4A23F5C91500B30E08 /* Project object */;
			proxyType = 1;
			remoteGlobalIDString = EEC1D79A2411174000CA961E;
			remoteInfo = "TinkoffChat-iOS";
		};
/* End PBXContainerItemProxy section */

/* Begin PBXCopyFilesBuildPhase section */
		EEC1D7A42411174000CA961E /* Embed Frameworks */ = {
			isa = PBXCopyFilesBuildPhase;
			buildActionMask = 2147483647;
			dstPath = "";
			dstSubfolderSpec = 10;
			files = (
				EEC1D7A32411174000CA961E /* TinkoffChat.framework in Embed Frameworks */,
			);
			name = "Embed Frameworks";
			runOnlyForDeploymentPostprocessing = 0;
		};
/* End PBXCopyFilesBuildPhase section */

/* Begin PBXFileReference section */
		45A5F462977F29405336BB96 /* Pods-TinkoffChatTests.debug.xcconfig */ = {isa = PBXFileReference; includeInIndex = 1; lastKnownFileType = text.xcconfig; name = "Pods-TinkoffChatTests.debug.xcconfig"; path = "Target Support Files/Pods-TinkoffChatTests/Pods-TinkoffChatTests.debug.xcconfig"; sourceTree = "<group>"; };
		5BBF7FF45E74C6AF18F211D0 /* Pods-TinkoffChatTests.release.xcconfig */ = {isa = PBXFileReference; includeInIndex = 1; lastKnownFileType = text.xcconfig; name = "Pods-TinkoffChatTests.release.xcconfig"; path = "Target Support Files/Pods-TinkoffChatTests/Pods-TinkoffChatTests.release.xcconfig"; sourceTree = "<group>"; };
		626C647BF232694FEE0E5D14 /* Pods_TinkoffChat.framework */ = {isa = PBXFileReference; explicitFileType = wrapper.framework; includeInIndex = 0; path = Pods_TinkoffChat.framework; sourceTree = BUILT_PRODUCTS_DIR; };
		6B040B5712841FD06F6CD328 /* Pods-TinkoffChat.debug.xcconfig */ = {isa = PBXFileReference; includeInIndex = 1; lastKnownFileType = text.xcconfig; name = "Pods-TinkoffChat.debug.xcconfig"; path = "Target Support Files/Pods-TinkoffChat/Pods-TinkoffChat.debug.xcconfig"; sourceTree = "<group>"; };
		8F45619341C7DFD09117FDDF /* libPods-TinkoffChatTests.a */ = {isa = PBXFileReference; explicitFileType = archive.ar; includeInIndex = 0; path = "libPods-TinkoffChatTests.a"; sourceTree = BUILT_PRODUCTS_DIR; };
		B64473E398CFD9BC79F48947 /* Pods-TinkoffChat.release.xcconfig */ = {isa = PBXFileReference; includeInIndex = 1; lastKnownFileType = text.xcconfig; name = "Pods-TinkoffChat.release.xcconfig"; path = "Target Support Files/Pods-TinkoffChat/Pods-TinkoffChat.release.xcconfig"; sourceTree = "<group>"; };
		EE0077CC2441C43800573CD5 /* MessageService.swift */ = {isa = PBXFileReference; fileEncoding = 4; lastKnownFileType = sourcecode.swift; path = MessageService.swift; sourceTree = "<group>"; };
		EE0077CD2441C43800573CD5 /* ChannelService.swift */ = {isa = PBXFileReference; fileEncoding = 4; lastKnownFileType = sourcecode.swift; path = ChannelService.swift; sourceTree = "<group>"; };
		EE0077D12441C74D00573CD5 /* ConversationListDataSource.swift */ = {isa = PBXFileReference; lastKnownFileType = sourcecode.swift; path = ConversationListDataSource.swift; sourceTree = "<group>"; };
		EE0077D42441CADB00573CD5 /* ConversationDataSource.swift */ = {isa = PBXFileReference; lastKnownFileType = sourcecode.swift; path = ConversationDataSource.swift; sourceTree = "<group>"; };
		EE0077D72441CBDB00573CD5 /* ProfileImagePickerDelegate.swift */ = {isa = PBXFileReference; lastKnownFileType = sourcecode.swift; path = ProfileImagePickerDelegate.swift; sourceTree = "<group>"; };
		EE0077D92441F87D00573CD5 /* CoreAssembly.swift */ = {isa = PBXFileReference; lastKnownFileType = sourcecode.swift; path = CoreAssembly.swift; sourceTree = "<group>"; };
		EE0077DB24421A5A00573CD5 /* KeyboardManager.swift */ = {isa = PBXFileReference; lastKnownFileType = sourcecode.swift; path = KeyboardManager.swift; sourceTree = "<group>"; };
		EE092C5223F5C91500B30E08 /* TinkoffChat.app */ = {isa = PBXFileReference; explicitFileType = wrapper.application; includeInIndex = 0; path = TinkoffChat.app; sourceTree = BUILT_PRODUCTS_DIR; };
		EE092C5523F5C91500B30E08 /* AppDelegate.swift */ = {isa = PBXFileReference; lastKnownFileType = sourcecode.swift; path = AppDelegate.swift; sourceTree = "<group>"; };
		EE092C5C23F5C91500B30E08 /* Base */ = {isa = PBXFileReference; lastKnownFileType = file.storyboard; name = Base; path = Base.lproj/Main.storyboard; sourceTree = "<group>"; };
		EE092C6123F5C91500B30E08 /* Assets.xcassets */ = {isa = PBXFileReference; lastKnownFileType = folder.assetcatalog; path = Assets.xcassets; sourceTree = "<group>"; };
		EE092C6423F5C91500B30E08 /* Base */ = {isa = PBXFileReference; lastKnownFileType = file.storyboard; name = Base; path = Base.lproj/LaunchScreen.storyboard; sourceTree = "<group>"; };
		EE092C6623F5C91500B30E08 /* Info.plist */ = {isa = PBXFileReference; lastKnownFileType = text.plist.xml; path = Info.plist; sourceTree = "<group>"; };
		EE092C6B23F5C91500B30E08 /* TinkoffChatTests.xctest */ = {isa = PBXFileReference; explicitFileType = wrapper.cfbundle; includeInIndex = 0; path = TinkoffChatTests.xctest; sourceTree = BUILT_PRODUCTS_DIR; };
		EE092C7123F5C91500B30E08 /* Info.plist */ = {isa = PBXFileReference; lastKnownFileType = text.plist.xml; path = Info.plist; sourceTree = "<group>"; };
		EE20A1BE245C44DC00A04EB0 /* ChannelSorter.swift */ = {isa = PBXFileReference; lastKnownFileType = sourcecode.swift; path = ChannelSorter.swift; sourceTree = "<group>"; };
		EE20A1C0245C784900A04EB0 /* ChannelsSorterTests.swift */ = {isa = PBXFileReference; lastKnownFileType = sourcecode.swift; path = ChannelsSorterTests.swift; sourceTree = "<group>"; };
		EE20A1C8245C83AB00A04EB0 /* TinkoffChatUITests1.swift */ = {isa = PBXFileReference; lastKnownFileType = sourcecode.swift; path = TinkoffChatUITests1.swift; sourceTree = "<group>"; };
		EE20A1CA245C83AB00A04EB0 /* Info.plist */ = {isa = PBXFileReference; lastKnownFileType = text.plist.xml; path = Info.plist; sourceTree = "<group>"; };
		EE20A1D2245D834E00A04EB0 /* MessageFirebaseModel.swift */ = {isa = PBXFileReference; lastKnownFileType = sourcecode.swift; path = MessageFirebaseModel.swift; sourceTree = "<group>"; };
		EE2560872440D9A6005BEFEB /* CoreDataModel.xcdatamodel */ = {isa = PBXFileReference; lastKnownFileType = wrapper.xcdatamodel; path = CoreDataModel.xcdatamodel; sourceTree = "<group>"; };
		EE2560882440D9A6005BEFEB /* CoreDataModel2.xcdatamodel */ = {isa = PBXFileReference; lastKnownFileType = wrapper.xcdatamodel; path = CoreDataModel2.xcdatamodel; sourceTree = "<group>"; };
		EE3F47492449BC2F00D8C8DF /* LoaderImageViewController.swift */ = {isa = PBXFileReference; lastKnownFileType = sourcecode.swift; path = LoaderImageViewController.swift; sourceTree = "<group>"; };
		EE42F345242F6A65006463FA /* CoreDataStack.swift */ = {isa = PBXFileReference; lastKnownFileType = sourcecode.swift; path = CoreDataStack.swift; sourceTree = "<group>"; };
		EE42F347242F7283006463FA /* AppUser.swift */ = {isa = PBXFileReference; lastKnownFileType = sourcecode.swift; path = AppUser.swift; sourceTree = "<group>"; };
		EE42F349242F737A006463FA /* AppUser+CoreDataProperties.swift */ = {isa = PBXFileReference; lastKnownFileType = sourcecode.swift; path = "AppUser+CoreDataProperties.swift"; sourceTree = "<group>"; };
		EE42F351242F7A1E006463FA /* StorageManager.swift */ = {isa = PBXFileReference; lastKnownFileType = sourcecode.swift; path = StorageManager.swift; sourceTree = "<group>"; };
		EE46F52C2440DBCD00A94F27 /* ConfigurationCellModel.swift */ = {isa = PBXFileReference; fileEncoding = 4; lastKnownFileType = sourcecode.swift; path = ConfigurationCellModel.swift; sourceTree = "<group>"; };
		EE46F52D2440DBCD00A94F27 /* MessageCellModel.swift */ = {isa = PBXFileReference; fileEncoding = 4; lastKnownFileType = sourcecode.swift; path = MessageCellModel.swift; sourceTree = "<group>"; };
		EE46F52F2440DBCD00A94F27 /* ConversationsListViewController.swift */ = {isa = PBXFileReference; fileEncoding = 4; lastKnownFileType = sourcecode.swift; path = ConversationsListViewController.swift; sourceTree = "<group>"; };
		EE46F5302440DBCD00A94F27 /* ProfileViewController.swift */ = {isa = PBXFileReference; fileEncoding = 4; lastKnownFileType = sourcecode.swift; path = ProfileViewController.swift; sourceTree = "<group>"; };
		EE46F5312440DBCD00A94F27 /* ConversationViewController.swift */ = {isa = PBXFileReference; fileEncoding = 4; lastKnownFileType = sourcecode.swift; path = ConversationViewController.swift; sourceTree = "<group>"; };
		EE46F5332440DBCD00A94F27 /* ConversationCell.swift */ = {isa = PBXFileReference; fileEncoding = 4; lastKnownFileType = sourcecode.swift; path = ConversationCell.swift; sourceTree = "<group>"; };
		EE46F5342440DBCD00A94F27 /* MessageeCell.xib */ = {isa = PBXFileReference; fileEncoding = 4; lastKnownFileType = file.xib; path = MessageeCell.xib; sourceTree = "<group>"; };
		EE46F5352440DBCD00A94F27 /* MessageeCell.swift */ = {isa = PBXFileReference; fileEncoding = 4; lastKnownFileType = sourcecode.swift; path = MessageeCell.swift; sourceTree = "<group>"; };
		EE46F5362440DBCD00A94F27 /* ConversationCell.xib */ = {isa = PBXFileReference; fileEncoding = 4; lastKnownFileType = file.xib; path = ConversationCell.xib; sourceTree = "<group>"; };
		EE46F5382440DBCD00A94F27 /* ConfigurableView.swift */ = {isa = PBXFileReference; fileEncoding = 4; lastKnownFileType = sourcecode.swift; path = ConfigurableView.swift; sourceTree = "<group>"; };
		EE46F5452440DBD700A94F27 /* ChannelFirebaseModel.swift */ = {isa = PBXFileReference; fileEncoding = 4; lastKnownFileType = sourcecode.swift; path = ChannelFirebaseModel.swift; sourceTree = "<group>"; };
		EE46F5472440DBD700A94F27 /* OperationDataManager.swift */ = {isa = PBXFileReference; fileEncoding = 4; lastKnownFileType = sourcecode.swift; path = OperationDataManager.swift; sourceTree = "<group>"; };
		EE46F5482440DBD700A94F27 /* DataManager.swift */ = {isa = PBXFileReference; fileEncoding = 4; lastKnownFileType = sourcecode.swift; path = DataManager.swift; sourceTree = "<group>"; };
		EE46F5492440DBD700A94F27 /* GCDDataManager.swift */ = {isa = PBXFileReference; fileEncoding = 4; lastKnownFileType = sourcecode.swift; path = GCDDataManager.swift; sourceTree = "<group>"; };
		EE46F54A2440DBD700A94F27 /* AsyncOperation.swift */ = {isa = PBXFileReference; fileEncoding = 4; lastKnownFileType = sourcecode.swift; path = AsyncOperation.swift; sourceTree = "<group>"; };
		EE7A79EC2443704200FF66E0 /* ServiceAssembly.swift */ = {isa = PBXFileReference; lastKnownFileType = sourcecode.swift; path = ServiceAssembly.swift; sourceTree = "<group>"; };
		EE93901B243795A400B4D1C9 /* MessageEntity.swift */ = {isa = PBXFileReference; lastKnownFileType = sourcecode.swift; path = MessageEntity.swift; sourceTree = "<group>"; };
		EE93901F2437982200B4D1C9 /* MessageFetchRequester.swift */ = {isa = PBXFileReference; lastKnownFileType = sourcecode.swift; path = MessageFetchRequester.swift; sourceTree = "<group>"; };
		EEB5B5A72449E2230079491A /* DownloadImageCollectionViewCell.swift */ = {isa = PBXFileReference; lastKnownFileType = sourcecode.swift; path = DownloadImageCollectionViewCell.swift; sourceTree = "<group>"; };
		EEB5B5A92449E3BF0079491A /* LoaderImageVCDataSource.swift */ = {isa = PBXFileReference; lastKnownFileType = sourcecode.swift; path = LoaderImageVCDataSource.swift; sourceTree = "<group>"; };
		EEB5B5AB2449E3FE0079491A /* LoaderImageVCDelegate.swift */ = {isa = PBXFileReference; lastKnownFileType = sourcecode.swift; path = LoaderImageVCDelegate.swift; sourceTree = "<group>"; };
		EEB5B5AF2449E4530079491A /* LoaderImageVCFlowLayout.swift */ = {isa = PBXFileReference; lastKnownFileType = sourcecode.swift; path = LoaderImageVCFlowLayout.swift; sourceTree = "<group>"; };
		EEB5B5B22449EB4A0079491A /* RequestConfiguration.swift */ = {isa = PBXFileReference; lastKnownFileType = sourcecode.swift; path = RequestConfiguration.swift; sourceTree = "<group>"; };
		EEB5B5B42449EBA60079491A /* ImageRequestStorageParser.swift */ = {isa = PBXFileReference; lastKnownFileType = sourcecode.swift; path = ImageRequestStorageParser.swift; sourceTree = "<group>"; };
		EEB5B5B62449EBF40079491A /* ImageRequest.swift */ = {isa = PBXFileReference; lastKnownFileType = sourcecode.swift; path = ImageRequest.swift; sourceTree = "<group>"; };
		EEB5B5B82449EC870079491A /* ImageProvider.swift */ = {isa = PBXFileReference; lastKnownFileType = sourcecode.swift; path = ImageProvider.swift; sourceTree = "<group>"; };
		EEB5B5BA2449ECC70079491A /* RequestSender.swift */ = {isa = PBXFileReference; lastKnownFileType = sourcecode.swift; path = RequestSender.swift; sourceTree = "<group>"; };
		EEB5B5BC2449ED0B0079491A /* RequestFactory.swift */ = {isa = PBXFileReference; lastKnownFileType = sourcecode.swift; path = RequestFactory.swift; sourceTree = "<group>"; };
		EEB5B5BE2449ED320079491A /* Requests.swift */ = {isa = PBXFileReference; lastKnownFileType = sourcecode.swift; path = Requests.swift; sourceTree = "<group>"; };
		EEB5B5C12449EDF40079491A /* NetworkManager.swift */ = {isa = PBXFileReference; lastKnownFileType = sourcecode.swift; path = NetworkManager.swift; sourceTree = "<group>"; };
		EEB5B5C32449EE480079491A /* ImageDownloadManager.swift */ = {isa = PBXFileReference; lastKnownFileType = sourcecode.swift; path = ImageDownloadManager.swift; sourceTree = "<group>"; };
		EEB5B5C52449EEAC0079491A /* LoaderImagerInteractor.swift */ = {isa = PBXFileReference; lastKnownFileType = sourcecode.swift; path = LoaderImagerInteractor.swift; sourceTree = "<group>"; };
		EEC1D79B2411174000CA961E /* TinkoffChat.framework */ = {isa = PBXFileReference; explicitFileType = wrapper.framework; includeInIndex = 0; path = TinkoffChat.framework; sourceTree = BUILT_PRODUCTS_DIR; };
		EEC1D79D2411174000CA961E /* TinkoffChat_iOS.h */ = {isa = PBXFileReference; lastKnownFileType = sourcecode.c.h; path = TinkoffChat_iOS.h; sourceTree = "<group>"; };
		EEC1D79E2411174000CA961E /* Info.plist */ = {isa = PBXFileReference; lastKnownFileType = text.plist.xml; path = Info.plist; sourceTree = "<group>"; };
		EEE268FF2437A94E00A42C68 /* MessageEntity+CoreDataProperties.swift */ = {isa = PBXFileReference; lastKnownFileType = sourcecode.swift; path = "MessageEntity+CoreDataProperties.swift"; sourceTree = "<group>"; };
		EEE269012437AD8200A42C68 /* ConversationEntity.swift */ = {isa = PBXFileReference; lastKnownFileType = sourcecode.swift; path = ConversationEntity.swift; sourceTree = "<group>"; };
		EEE269032437AD9C00A42C68 /* ComversationEntity+CoreDataProperties.swift */ = {isa = PBXFileReference; lastKnownFileType = sourcecode.swift; path = "ComversationEntity+CoreDataProperties.swift"; sourceTree = "<group>"; };
		EEE269052437ADF700A42C68 /* ConversationFetchRequester.swift */ = {isa = PBXFileReference; lastKnownFileType = sourcecode.swift; path = ConversationFetchRequester.swift; sourceTree = "<group>"; };
		EEFC95FA243A42DB00FCF60C /* GoogleService-Info.plist */ = {isa = PBXFileReference; fileEncoding = 4; lastKnownFileType = text.plist.xml; path = "GoogleService-Info.plist"; sourceTree = "<group>"; };
/* End PBXFileReference section */

/* Begin PBXFrameworksBuildPhase section */
		EE092C4F23F5C91500B30E08 /* Frameworks */ = {
			isa = PBXFrameworksBuildPhase;
			buildActionMask = 2147483647;
			files = (
				EEC1D7A22411174000CA961E /* TinkoffChat.framework in Frameworks */,
				B6308D2838B76E6A405A0D72 /* Pods_TinkoffChat.framework in Frameworks */,
			);
			runOnlyForDeploymentPostprocessing = 0;
		};
		EE092C6823F5C91500B30E08 /* Frameworks */ = {
			isa = PBXFrameworksBuildPhase;
			buildActionMask = 2147483647;
			files = (
				023FFFEE32BE6EEFDE7DAC0F /* libPods-TinkoffChatTests.a in Frameworks */,
			);
			runOnlyForDeploymentPostprocessing = 0;
		};
		EEC1D7982411174000CA961E /* Frameworks */ = {
			isa = PBXFrameworksBuildPhase;
			buildActionMask = 2147483647;
			files = (
			);
			runOnlyForDeploymentPostprocessing = 0;
		};
/* End PBXFrameworksBuildPhase section */

/* Begin PBXGroup section */
		65BD4CF4260FB1E968154BD6 /* Pods */ = {
			isa = PBXGroup;
			children = (
				6B040B5712841FD06F6CD328 /* Pods-TinkoffChat.debug.xcconfig */,
				B64473E398CFD9BC79F48947 /* Pods-TinkoffChat.release.xcconfig */,
				45A5F462977F29405336BB96 /* Pods-TinkoffChatTests.debug.xcconfig */,
				5BBF7FF45E74C6AF18F211D0 /* Pods-TinkoffChatTests.release.xcconfig */,
			);
			path = Pods;
			sourceTree = "<group>";
		};
		866A84FAC57B0D6099F72C05 /* Frameworks */ = {
			isa = PBXGroup;
			children = (
				626C647BF232694FEE0E5D14 /* Pods_TinkoffChat.framework */,
				8F45619341C7DFD09117FDDF /* libPods-TinkoffChatTests.a */,
			);
			name = Frameworks;
			sourceTree = "<group>";
		};
		EE0077DD244228E400573CD5 /* CoreDataModels */ = {
			isa = PBXGroup;
			children = (
				EE2560862440D9A6005BEFEB /* CoreDataModel.xcdatamodeld */,
				EEE269092437B0F000A42C68 /* Conversation */,
				EEE269082437B0DB00A42C68 /* Message */,
				EEE269072437B0C500A42C68 /* AppUser */,
			);
			path = CoreDataModels;
			sourceTree = "<group>";
		};
		EE092C4923F5C91500B30E08 = {
			isa = PBXGroup;
			children = (
				EE092C5423F5C91500B30E08 /* TinkoffChat */,
				EE092C6E23F5C91500B30E08 /* TinkoffChatTests */,
				EEC1D79C2411174000CA961E /* TinkoffChat-iOS */,
				EE20A1C7245C83AB00A04EB0 /* TinkoffChatUITests1 */,
				EE092C5323F5C91500B30E08 /* Products */,
				65BD4CF4260FB1E968154BD6 /* Pods */,
				866A84FAC57B0D6099F72C05 /* Frameworks */,
			);
			sourceTree = "<group>";
		};
		EE092C5323F5C91500B30E08 /* Products */ = {
			isa = PBXGroup;
			children = (
				EE092C5223F5C91500B30E08 /* TinkoffChat.app */,
				EE092C6B23F5C91500B30E08 /* TinkoffChatTests.xctest */,
				EEC1D79B2411174000CA961E /* TinkoffChat.framework */,
			);
			name = Products;
			sourceTree = "<group>";
		};
		EE092C5423F5C91500B30E08 /* TinkoffChat */ = {
			isa = PBXGroup;
			children = (
				EE092C5523F5C91500B30E08 /* AppDelegate.swift */,
				EE42F342242F6A06006463FA /* Core layer */,
				EE46F52A2440DBCD00A94F27 /* Presentation layer */,
				EE46F5432440DBD700A94F27 /* Service layer */,
				EEC1D78E240BD4A600CA961E /* Resources */,
			);
			path = TinkoffChat;
			sourceTree = "<group>";
		};
		EE092C6E23F5C91500B30E08 /* TinkoffChatTests */ = {
			isa = PBXGroup;
			children = (
				EE20A1C0245C784900A04EB0 /* ChannelsSorterTests.swift */,
				EE092C7123F5C91500B30E08 /* Info.plist */,
			);
			path = TinkoffChatTests;
			sourceTree = "<group>";
		};
		EE20A1C7245C83AB00A04EB0 /* TinkoffChatUITests1 */ = {
			isa = PBXGroup;
			children = (
				EE20A1C8245C83AB00A04EB0 /* TinkoffChatUITests1.swift */,
				EE20A1CA245C83AB00A04EB0 /* Info.plist */,
			);
			path = TinkoffChatUITests1;
			sourceTree = "<group>";
		};
		EE3F47482449BC0100D8C8DF /* LoaderImageViewController */ = {
			isa = PBXGroup;
			children = (
				EEB5B5A52449E1DE0079491A /* Model */,
				EEB5B5A62449E1E50079491A /* View */,
				EEB5B5A42449E1CF0079491A /* Controller */,
			);
			path = LoaderImageViewController;
			sourceTree = "<group>";
		};
		EE42F342242F6A06006463FA /* Core layer */ = {
			isa = PBXGroup;
			children = (
				EE46F5542440DCA600A94F27 /* CoreComponents */,
				EE46F5552440DD9900A94F27 /* Assembly */,
			);
			path = "Core layer";
			sourceTree = "<group>";
		};
		EE46F52A2440DBCD00A94F27 /* Presentation layer */ = {
			isa = PBXGroup;
			children = (
				EE46F5572440E55B00A94F27 /* Modules */,
			);
			path = "Presentation layer";
			sourceTree = "<group>";
		};
		EE46F5432440DBD700A94F27 /* Service layer */ = {
			isa = PBXGroup;
			children = (
				EE46F5652440E7C300A94F27 /* Services */,
				EE0077DD244228E400573CD5 /* CoreDataModels */,
				EE46F5662440E7CC00A94F27 /* Assembly */,
			);
			path = "Service layer";
			sourceTree = "<group>";
		};
		EE46F5462440DBD700A94F27 /* DataManagers */ = {
			isa = PBXGroup;
			children = (
				EE46F5472440DBD700A94F27 /* OperationDataManager.swift */,
				EE46F5492440DBD700A94F27 /* GCDDataManager.swift */,
			);
			path = DataManagers;
			sourceTree = "<group>";
		};
		EE46F5542440DCA600A94F27 /* CoreComponents */ = {
			isa = PBXGroup;
			children = (
				EEB5B5B12449EA170079491A /* Network */,
				EE7A79E924432CEC00FF66E0 /* Managers */,
				EE46F5382440DBCD00A94F27 /* ConfigurableView.swift */,
				EE42F345242F6A65006463FA /* CoreDataStack.swift */,
				EE46F5452440DBD700A94F27 /* ChannelFirebaseModel.swift */,
				EE20A1D2245D834E00A04EB0 /* MessageFirebaseModel.swift */,
				EE46F54A2440DBD700A94F27 /* AsyncOperation.swift */,
			);
			path = CoreComponents;
			sourceTree = "<group>";
		};
		EE46F5552440DD9900A94F27 /* Assembly */ = {
			isa = PBXGroup;
			children = (
				EE0077D92441F87D00573CD5 /* CoreAssembly.swift */,
			);
			path = Assembly;
			sourceTree = "<group>";
		};
		EE46F5572440E55B00A94F27 /* Modules */ = {
			isa = PBXGroup;
			children = (
				EE46F55B2440E6B700A94F27 /* ProfileViewController */,
				EE46F55A2440E6AB00A94F27 /* ConversationViewController */,
				EE46F5592440E68800A94F27 /* ConversationListViewController */,
				EE3F47482449BC0100D8C8DF /* LoaderImageViewController */,
			);
			path = Modules;
			sourceTree = "<group>";
		};
		EE46F5592440E68800A94F27 /* ConversationListViewController */ = {
			isa = PBXGroup;
			children = (
				EE46F5642440E72500A94F27 /* Model */,
				EE46F5632440E72000A94F27 /* View */,
				EE46F5622440E71B00A94F27 /* Controller */,
			);
			path = ConversationListViewController;
			sourceTree = "<group>";
		};
		EE46F55A2440E6AB00A94F27 /* ConversationViewController */ = {
			isa = PBXGroup;
			children = (
				EE46F5612440E70D00A94F27 /* Model */,
				EE46F5602440E70900A94F27 /* View */,
				EE46F55F2440E6F900A94F27 /* Controller */,
			);
			path = ConversationViewController;
			sourceTree = "<group>";
		};
		EE46F55B2440E6B700A94F27 /* ProfileViewController */ = {
			isa = PBXGroup;
			children = (
				EE46F55E2440E6D400A94F27 /* Controller */,
			);
			path = ProfileViewController;
			sourceTree = "<group>";
		};
		EE46F55E2440E6D400A94F27 /* Controller */ = {
			isa = PBXGroup;
			children = (
				EE46F5302440DBCD00A94F27 /* ProfileViewController.swift */,
				EE0077D72441CBDB00573CD5 /* ProfileImagePickerDelegate.swift */,
			);
			path = Controller;
			sourceTree = "<group>";
		};
		EE46F55F2440E6F900A94F27 /* Controller */ = {
			isa = PBXGroup;
			children = (
				EE46F5312440DBCD00A94F27 /* ConversationViewController.swift */,
				EE0077D42441CADB00573CD5 /* ConversationDataSource.swift */,
			);
			path = Controller;
			sourceTree = "<group>";
		};
		EE46F5602440E70900A94F27 /* View */ = {
			isa = PBXGroup;
			children = (
				EE46F5352440DBCD00A94F27 /* MessageeCell.swift */,
				EE46F5342440DBCD00A94F27 /* MessageeCell.xib */,
			);
			path = View;
			sourceTree = "<group>";
		};
		EE46F5612440E70D00A94F27 /* Model */ = {
			isa = PBXGroup;
			children = (
				EE46F52D2440DBCD00A94F27 /* MessageCellModel.swift */,
			);
			path = Model;
			sourceTree = "<group>";
		};
		EE46F5622440E71B00A94F27 /* Controller */ = {
			isa = PBXGroup;
			children = (
				EE46F52F2440DBCD00A94F27 /* ConversationsListViewController.swift */,
				EE0077D12441C74D00573CD5 /* ConversationListDataSource.swift */,
			);
			path = Controller;
			sourceTree = "<group>";
		};
		EE46F5632440E72000A94F27 /* View */ = {
			isa = PBXGroup;
			children = (
				EE46F5332440DBCD00A94F27 /* ConversationCell.swift */,
				EE46F5362440DBCD00A94F27 /* ConversationCell.xib */,
			);
			path = View;
			sourceTree = "<group>";
		};
		EE46F5642440E72500A94F27 /* Model */ = {
			isa = PBXGroup;
			children = (
				EE46F52C2440DBCD00A94F27 /* ConfigurationCellModel.swift */,
			);
			path = Model;
			sourceTree = "<group>";
		};
		EE46F5652440E7C300A94F27 /* Services */ = {
			isa = PBXGroup;
			children = (
				EEB5B5C02449EDD30079491A /* Network */,
				EE46F5462440DBD700A94F27 /* DataManagers */,
				EE0077CD2441C43800573CD5 /* ChannelService.swift */,
				EE0077CC2441C43800573CD5 /* MessageService.swift */,
				EE20A1BE245C44DC00A04EB0 /* ChannelSorter.swift */,
			);
			path = Services;
			sourceTree = "<group>";
		};
		EE46F5662440E7CC00A94F27 /* Assembly */ = {
			isa = PBXGroup;
			children = (
				EE7A79EC2443704200FF66E0 /* ServiceAssembly.swift */,
			);
			path = Assembly;
			sourceTree = "<group>";
		};
		EE7A79E924432CEC00FF66E0 /* Managers */ = {
			isa = PBXGroup;
			children = (
				EE46F5482440DBD700A94F27 /* DataManager.swift */,
				EE42F351242F7A1E006463FA /* StorageManager.swift */,
				EE0077DB24421A5A00573CD5 /* KeyboardManager.swift */,
			);
			path = Managers;
			sourceTree = "<group>";
		};
		EEB5B5A42449E1CF0079491A /* Controller */ = {
			isa = PBXGroup;
			children = (
				EE3F47492449BC2F00D8C8DF /* LoaderImageViewController.swift */,
				EEB5B5A92449E3BF0079491A /* LoaderImageVCDataSource.swift */,
				EEB5B5AB2449E3FE0079491A /* LoaderImageVCDelegate.swift */,
				EEB5B5AF2449E4530079491A /* LoaderImageVCFlowLayout.swift */,
			);
			path = Controller;
			sourceTree = "<group>";
		};
		EEB5B5A52449E1DE0079491A /* Model */ = {
			isa = PBXGroup;
			children = (
				EEB5B5B62449EBF40079491A /* ImageRequest.swift */,
				EEB5B5C52449EEAC0079491A /* LoaderImagerInteractor.swift */,
			);
			path = Model;
			sourceTree = "<group>";
		};
		EEB5B5A62449E1E50079491A /* View */ = {
			isa = PBXGroup;
			children = (
				EEB5B5A72449E2230079491A /* DownloadImageCollectionViewCell.swift */,
			);
			path = View;
			sourceTree = "<group>";
		};
		EEB5B5B12449EA170079491A /* Network */ = {
			isa = PBXGroup;
			children = (
				EEB5B5B22449EB4A0079491A /* RequestConfiguration.swift */,
				EEB5B5B42449EBA60079491A /* ImageRequestStorageParser.swift */,
				EEB5B5B82449EC870079491A /* ImageProvider.swift */,
				EEB5B5BA2449ECC70079491A /* RequestSender.swift */,
				EEB5B5BC2449ED0B0079491A /* RequestFactory.swift */,
				EEB5B5BE2449ED320079491A /* Requests.swift */,
			);
			path = Network;
			sourceTree = "<group>";
		};
		EEB5B5C02449EDD30079491A /* Network */ = {
			isa = PBXGroup;
			children = (
				EEB5B5C12449EDF40079491A /* NetworkManager.swift */,
				EEB5B5C32449EE480079491A /* ImageDownloadManager.swift */,
			);
			path = Network;
			sourceTree = "<group>";
		};
		EEC1D78E240BD4A600CA961E /* Resources */ = {
			isa = PBXGroup;
			children = (
				EE092C5B23F5C91500B30E08 /* Main.storyboard */,
				EE092C6323F5C91500B30E08 /* LaunchScreen.storyboard */,
				EE092C6123F5C91500B30E08 /* Assets.xcassets */,
				EE092C6623F5C91500B30E08 /* Info.plist */,
				EEFC95FA243A42DB00FCF60C /* GoogleService-Info.plist */,
			);
			path = Resources;
			sourceTree = "<group>";
		};
		EEC1D79C2411174000CA961E /* TinkoffChat-iOS */ = {
			isa = PBXGroup;
			children = (
				EEC1D79D2411174000CA961E /* TinkoffChat_iOS.h */,
				EEC1D79E2411174000CA961E /* Info.plist */,
			);
			path = "TinkoffChat-iOS";
			sourceTree = "<group>";
		};
		EEE269072437B0C500A42C68 /* AppUser */ = {
			isa = PBXGroup;
			children = (
				EE42F347242F7283006463FA /* AppUser.swift */,
				EE42F349242F737A006463FA /* AppUser+CoreDataProperties.swift */,
			);
			path = AppUser;
			sourceTree = "<group>";
		};
		EEE269082437B0DB00A42C68 /* Message */ = {
			isa = PBXGroup;
			children = (
				EE93901B243795A400B4D1C9 /* MessageEntity.swift */,
				EEE268FF2437A94E00A42C68 /* MessageEntity+CoreDataProperties.swift */,
				EE93901F2437982200B4D1C9 /* MessageFetchRequester.swift */,
			);
			path = Message;
			sourceTree = "<group>";
		};
		EEE269092437B0F000A42C68 /* Conversation */ = {
			isa = PBXGroup;
			children = (
				EEE269012437AD8200A42C68 /* ConversationEntity.swift */,
				EEE269032437AD9C00A42C68 /* ComversationEntity+CoreDataProperties.swift */,
				EEE269052437ADF700A42C68 /* ConversationFetchRequester.swift */,
			);
			path = Conversation;
			sourceTree = "<group>";
		};
/* End PBXGroup section */

/* Begin PBXHeadersBuildPhase section */
		EEC1D7962411174000CA961E /* Headers */ = {
			isa = PBXHeadersBuildPhase;
			buildActionMask = 2147483647;
			files = (
				EEC1D79F2411174000CA961E /* TinkoffChat_iOS.h in Headers */,
			);
			runOnlyForDeploymentPostprocessing = 0;
		};
/* End PBXHeadersBuildPhase section */

/* Begin PBXNativeTarget section */
		EE092C5123F5C91500B30E08 /* TinkoffChat */ = {
			isa = PBXNativeTarget;
			buildConfigurationList = EE092C7423F5C91500B30E08 /* Build configuration list for PBXNativeTarget "TinkoffChat" */;
			buildPhases = (
				305F0CB36988BEDF4A965B0D /* [CP] Check Pods Manifest.lock */,
				EE092C4E23F5C91500B30E08 /* Sources */,
				EE092C4F23F5C91500B30E08 /* Frameworks */,
				EE092C5023F5C91500B30E08 /* Resources */,
				EEC1D7A42411174000CA961E /* Embed Frameworks */,
				F7E0A88BB353B0DACB811ACC /* [CP] Embed Pods Frameworks */,
			);
			buildRules = (
			);
			dependencies = (
				EEC1D7A12411174000CA961E /* PBXTargetDependency */,
			);
			name = TinkoffChat;
			productName = TinkoffChat;
			productReference = EE092C5223F5C91500B30E08 /* TinkoffChat.app */;
			productType = "com.apple.product-type.application";
		};
		EE092C6A23F5C91500B30E08 /* TinkoffChatTests */ = {
			isa = PBXNativeTarget;
			buildConfigurationList = EE092C7723F5C91500B30E08 /* Build configuration list for PBXNativeTarget "TinkoffChatTests" */;
			buildPhases = (
				6FC1ACE1E047478A14262C02 /* [CP] Check Pods Manifest.lock */,
				EE092C6723F5C91500B30E08 /* Sources */,
				EE092C6823F5C91500B30E08 /* Frameworks */,
				EE092C6923F5C91500B30E08 /* Resources */,
				BDD9450ED6D6D0632A314F04 /* [CP] Copy Pods Resources */,
			);
			buildRules = (
			);
			dependencies = (
				EE092C6D23F5C91500B30E08 /* PBXTargetDependency */,
			);
			name = TinkoffChatTests;
			productName = TinkoffChatTests;
			productReference = EE092C6B23F5C91500B30E08 /* TinkoffChatTests.xctest */;
			productType = "com.apple.product-type.bundle.unit-test";
		};
		EEC1D79A2411174000CA961E /* TinkoffChat-iOS */ = {
			isa = PBXNativeTarget;
			buildConfigurationList = EEC1D7A72411174000CA961E /* Build configuration list for PBXNativeTarget "TinkoffChat-iOS" */;
			buildPhases = (
				EEC1D7962411174000CA961E /* Headers */,
				EEC1D7972411174000CA961E /* Sources */,
				EEC1D7982411174000CA961E /* Frameworks */,
				EEC1D7992411174000CA961E /* Resources */,
			);
			buildRules = (
			);
			dependencies = (
			);
			name = "TinkoffChat-iOS";
			productName = "TinkoffChat-iOS";
			productReference = EEC1D79B2411174000CA961E /* TinkoffChat.framework */;
			productType = "com.apple.product-type.framework";
		};
/* End PBXNativeTarget section */

/* Begin PBXProject section */
		EE092C4A23F5C91500B30E08 /* Project object */ = {
			isa = PBXProject;
			attributes = {
				LastSwiftUpdateCheck = 1140;
				LastUpgradeCheck = 1130;
				ORGANIZATIONNAME = "Artem Emelianov";
				TargetAttributes = {
					EE092C5123F5C91500B30E08 = {
						CreatedOnToolsVersion = 11.3.1;
					};
					EE092C6A23F5C91500B30E08 = {
						CreatedOnToolsVersion = 11.3.1;
						TestTargetID = EE092C5123F5C91500B30E08;
					};
					EEC1D79A2411174000CA961E = {
						CreatedOnToolsVersion = 11.3.1;
					};
				};
			};
			buildConfigurationList = EE092C4D23F5C91500B30E08 /* Build configuration list for PBXProject "TinkoffChat" */;
			compatibilityVersion = "Xcode 9.3";
			developmentRegion = en;
			hasScannedForEncodings = 0;
			knownRegions = (
				en,
				Base,
			);
			mainGroup = EE092C4923F5C91500B30E08;
			productRefGroup = EE092C5323F5C91500B30E08 /* Products */;
			projectDirPath = "";
			projectRoot = "";
			targets = (
				EE092C5123F5C91500B30E08 /* TinkoffChat */,
				EE092C6A23F5C91500B30E08 /* TinkoffChatTests */,
				EEC1D79A2411174000CA961E /* TinkoffChat-iOS */,
			);
		};
/* End PBXProject section */

/* Begin PBXResourcesBuildPhase section */
		EE092C5023F5C91500B30E08 /* Resources */ = {
			isa = PBXResourcesBuildPhase;
			buildActionMask = 2147483647;
			files = (
				EE46F5412440DBCD00A94F27 /* ConversationCell.xib in Resources */,
				EE092C6523F5C91500B30E08 /* LaunchScreen.storyboard in Resources */,
				EE092C6223F5C91500B30E08 /* Assets.xcassets in Resources */,
				EE092C5D23F5C91500B30E08 /* Main.storyboard in Resources */,
				EEFC95FB243A42DB00FCF60C /* GoogleService-Info.plist in Resources */,
				EE46F53F2440DBCD00A94F27 /* MessageeCell.xib in Resources */,
			);
			runOnlyForDeploymentPostprocessing = 0;
		};
		EE092C6923F5C91500B30E08 /* Resources */ = {
			isa = PBXResourcesBuildPhase;
			buildActionMask = 2147483647;
			files = (
			);
			runOnlyForDeploymentPostprocessing = 0;
		};
		EEC1D7992411174000CA961E /* Resources */ = {
			isa = PBXResourcesBuildPhase;
			buildActionMask = 2147483647;
			files = (
			);
			runOnlyForDeploymentPostprocessing = 0;
		};
/* End PBXResourcesBuildPhase section */

/* Begin PBXShellScriptBuildPhase section */
		305F0CB36988BEDF4A965B0D /* [CP] Check Pods Manifest.lock */ = {
			isa = PBXShellScriptBuildPhase;
			buildActionMask = 2147483647;
			files = (
			);
			inputFileListPaths = (
			);
			inputPaths = (
				"${PODS_PODFILE_DIR_PATH}/Podfile.lock",
				"${PODS_ROOT}/Manifest.lock",
			);
			name = "[CP] Check Pods Manifest.lock";
			outputFileListPaths = (
			);
			outputPaths = (
				"$(DERIVED_FILE_DIR)/Pods-TinkoffChat-checkManifestLockResult.txt",
			);
			runOnlyForDeploymentPostprocessing = 0;
			shellPath = /bin/sh;
			shellScript = "diff \"${PODS_PODFILE_DIR_PATH}/Podfile.lock\" \"${PODS_ROOT}/Manifest.lock\" > /dev/null\nif [ $? != 0 ] ; then\n    # print error to STDERR\n    echo \"error: The sandbox is not in sync with the Podfile.lock. Run 'pod install' or update your CocoaPods installation.\" >&2\n    exit 1\nfi\n# This output is used by Xcode 'outputs' to avoid re-running this script phase.\necho \"SUCCESS\" > \"${SCRIPT_OUTPUT_FILE_0}\"\n";
			showEnvVarsInLog = 0;
		};
		6FC1ACE1E047478A14262C02 /* [CP] Check Pods Manifest.lock */ = {
			isa = PBXShellScriptBuildPhase;
			buildActionMask = 2147483647;
			files = (
			);
			inputFileListPaths = (
			);
			inputPaths = (
				"${PODS_PODFILE_DIR_PATH}/Podfile.lock",
				"${PODS_ROOT}/Manifest.lock",
			);
			name = "[CP] Check Pods Manifest.lock";
			outputFileListPaths = (
			);
			outputPaths = (
				"$(DERIVED_FILE_DIR)/Pods-TinkoffChatTests-checkManifestLockResult.txt",
			);
			runOnlyForDeploymentPostprocessing = 0;
			shellPath = /bin/sh;
			shellScript = "diff \"${PODS_PODFILE_DIR_PATH}/Podfile.lock\" \"${PODS_ROOT}/Manifest.lock\" > /dev/null\nif [ $? != 0 ] ; then\n    # print error to STDERR\n    echo \"error: The sandbox is not in sync with the Podfile.lock. Run 'pod install' or update your CocoaPods installation.\" >&2\n    exit 1\nfi\n# This output is used by Xcode 'outputs' to avoid re-running this script phase.\necho \"SUCCESS\" > \"${SCRIPT_OUTPUT_FILE_0}\"\n";
			showEnvVarsInLog = 0;
		};
		BDD9450ED6D6D0632A314F04 /* [CP] Copy Pods Resources */ = {
			isa = PBXShellScriptBuildPhase;
			buildActionMask = 2147483647;
			files = (
			);
			inputFileListPaths = (
				"${PODS_ROOT}/Target Support Files/Pods-TinkoffChatTests/Pods-TinkoffChatTests-resources-${CONFIGURATION}-input-files.xcfilelist",
			);
			name = "[CP] Copy Pods Resources";
			outputFileListPaths = (
				"${PODS_ROOT}/Target Support Files/Pods-TinkoffChatTests/Pods-TinkoffChatTests-resources-${CONFIGURATION}-output-files.xcfilelist",
			);
			runOnlyForDeploymentPostprocessing = 0;
			shellPath = /bin/sh;
			shellScript = "\"${PODS_ROOT}/Target Support Files/Pods-TinkoffChatTests/Pods-TinkoffChatTests-resources.sh\"\n";
			showEnvVarsInLog = 0;
		};
		F7E0A88BB353B0DACB811ACC /* [CP] Embed Pods Frameworks */ = {
			isa = PBXShellScriptBuildPhase;
			buildActionMask = 2147483647;
			files = (
			);
			inputFileListPaths = (
				"${PODS_ROOT}/Target Support Files/Pods-TinkoffChat/Pods-TinkoffChat-frameworks-${CONFIGURATION}-input-files.xcfilelist",
			);
			name = "[CP] Embed Pods Frameworks";
			outputFileListPaths = (
				"${PODS_ROOT}/Target Support Files/Pods-TinkoffChat/Pods-TinkoffChat-frameworks-${CONFIGURATION}-output-files.xcfilelist",
			);
			runOnlyForDeploymentPostprocessing = 0;
			shellPath = /bin/sh;
			shellScript = "\"${PODS_ROOT}/Target Support Files/Pods-TinkoffChat/Pods-TinkoffChat-frameworks.sh\"\n";
			showEnvVarsInLog = 0;
		};
/* End PBXShellScriptBuildPhase section */

/* Begin PBXSourcesBuildPhase section */
		EE092C4E23F5C91500B30E08 /* Sources */ = {
			isa = PBXSourcesBuildPhase;
			buildActionMask = 2147483647;
			files = (
				EEB5B5C22449EDF40079491A /* NetworkManager.swift in Sources */,
				EEB5B5BD2449ED0B0079491A /* RequestFactory.swift in Sources */,
				EE42F352242F7A1E006463FA /* StorageManager.swift in Sources */,
				EEB5B5BB2449ECC70079491A /* RequestSender.swift in Sources */,
				EEB5B5BF2449ED320079491A /* Requests.swift in Sources */,
				EE42F346242F6A65006463FA /* CoreDataStack.swift in Sources */,
				EE0077D22441C74D00573CD5 /* ConversationListDataSource.swift in Sources */,
				EE42F34A242F737A006463FA /* AppUser+CoreDataProperties.swift in Sources */,
				EEB5B5C42449EE480079491A /* ImageDownloadManager.swift in Sources */,
				EE46F54E2440DBD700A94F27 /* OperationDataManager.swift in Sources */,
				EE9390202437982200B4D1C9 /* MessageFetchRequester.swift in Sources */,
				EEB5B5B32449EB4A0079491A /* RequestConfiguration.swift in Sources */,
				EEB5B5AA2449E3BF0079491A /* LoaderImageVCDataSource.swift in Sources */,
				EEB5B5B72449EBF40079491A /* ImageRequest.swift in Sources */,
				EE20A1D3245D834E00A04EB0 /* MessageFirebaseModel.swift in Sources */,
				EEB5B5B52449EBA60079491A /* ImageRequestStorageParser.swift in Sources */,
				EEB5B5B02449E4530079491A /* LoaderImageVCFlowLayout.swift in Sources */,
				EE46F54F2440DBD700A94F27 /* DataManager.swift in Sources */,
				EE2560892440D9A6005BEFEB /* CoreDataModel.xcdatamodeld in Sources */,
				EE0077DA2441F87D00573CD5 /* CoreAssembly.swift in Sources */,
				EE46F5422440DBCD00A94F27 /* ConfigurableView.swift in Sources */,
				EEE269022437AD8200A42C68 /* ConversationEntity.swift in Sources */,
				EE3F474A2449BC2F00D8C8DF /* LoaderImageViewController.swift in Sources */,
				EE46F53C2440DBCD00A94F27 /* ProfileViewController.swift in Sources */,
				EEB5B5A82449E2230079491A /* DownloadImageCollectionViewCell.swift in Sources */,
				EEE269002437A94E00A42C68 /* MessageEntity+CoreDataProperties.swift in Sources */,
				EEB5B5AC2449E3FE0079491A /* LoaderImageVCDelegate.swift in Sources */,
				EE46F53E2440DBCD00A94F27 /* ConversationCell.swift in Sources */,
				EEE269042437AD9C00A42C68 /* ComversationEntity+CoreDataProperties.swift in Sources */,
				EE46F5392440DBCD00A94F27 /* ConfigurationCellModel.swift in Sources */,
				EE46F53D2440DBCD00A94F27 /* ConversationViewController.swift in Sources */,
				EE46F5402440DBCD00A94F27 /* MessageeCell.swift in Sources */,
				EEB5B5B92449EC870079491A /* ImageProvider.swift in Sources */,
				EE092C5623F5C91500B30E08 /* AppDelegate.swift in Sources */,
				EE93901C243795A400B4D1C9 /* MessageEntity.swift in Sources */,
				EE46F5512440DBD700A94F27 /* AsyncOperation.swift in Sources */,
				EE0077D52441CADB00573CD5 /* ConversationDataSource.swift in Sources */,
				EE46F5502440DBD700A94F27 /* GCDDataManager.swift in Sources */,
				EE0077CF2441C43800573CD5 /* ChannelService.swift in Sources */,
				EE0077CE2441C43800573CD5 /* MessageService.swift in Sources */,
				EE0077D82441CBDB00573CD5 /* ProfileImagePickerDelegate.swift in Sources */,
				EE46F53B2440DBCD00A94F27 /* ConversationsListViewController.swift in Sources */,
				EEE269062437ADF700A42C68 /* ConversationFetchRequester.swift in Sources */,
				EE0077DC24421A5A00573CD5 /* KeyboardManager.swift in Sources */,
				EE20A1BF245C44DC00A04EB0 /* ChannelSorter.swift in Sources */,
				EE46F54D2440DBD700A94F27 /* ChannelFirebaseModel.swift in Sources */,
				EE7A79ED2443704200FF66E0 /* ServiceAssembly.swift in Sources */,
				EE42F348242F7283006463FA /* AppUser.swift in Sources */,
				EEB5B5C62449EEAC0079491A /* LoaderImagerInteractor.swift in Sources */,
				EE46F53A2440DBCD00A94F27 /* MessageCellModel.swift in Sources */,
			);
			runOnlyForDeploymentPostprocessing = 0;
		};
		EE092C6723F5C91500B30E08 /* Sources */ = {
			isa = PBXSourcesBuildPhase;
			buildActionMask = 2147483647;
			files = (
				EE20A1D0245D73ED00A04EB0 /* ChannelSorter.swift in Sources */,
				EE20A1C1245C784900A04EB0 /* ChannelsSorterTests.swift in Sources */,
				EE20A1D4245D845F00A04EB0 /* ChannelFirebaseModel.swift in Sources */,
			);
			runOnlyForDeploymentPostprocessing = 0;
		};
		EEC1D7972411174000CA961E /* Sources */ = {
			isa = PBXSourcesBuildPhase;
			buildActionMask = 2147483647;
			files = (
			);
			runOnlyForDeploymentPostprocessing = 0;
		};
/* End PBXSourcesBuildPhase section */

/* Begin PBXTargetDependency section */
		EE092C6D23F5C91500B30E08 /* PBXTargetDependency */ = {
			isa = PBXTargetDependency;
			target = EE092C5123F5C91500B30E08 /* TinkoffChat */;
			targetProxy = EE092C6C23F5C91500B30E08 /* PBXContainerItemProxy */;
		};
		EEC1D7A12411174000CA961E /* PBXTargetDependency */ = {
			isa = PBXTargetDependency;
			target = EEC1D79A2411174000CA961E /* TinkoffChat-iOS */;
			targetProxy = EEC1D7A02411174000CA961E /* PBXContainerItemProxy */;
		};
/* End PBXTargetDependency section */

/* Begin PBXVariantGroup section */
		EE092C5B23F5C91500B30E08 /* Main.storyboard */ = {
			isa = PBXVariantGroup;
			children = (
				EE092C5C23F5C91500B30E08 /* Base */,
			);
			name = Main.storyboard;
			sourceTree = "<group>";
		};
		EE092C6323F5C91500B30E08 /* LaunchScreen.storyboard */ = {
			isa = PBXVariantGroup;
			children = (
				EE092C6423F5C91500B30E08 /* Base */,
			);
			name = LaunchScreen.storyboard;
			sourceTree = "<group>";
		};
/* End PBXVariantGroup section */

/* Begin XCBuildConfiguration section */
		EE092C7223F5C91500B30E08 /* Debug */ = {
			isa = XCBuildConfiguration;
			buildSettings = {
				ALWAYS_SEARCH_USER_PATHS = NO;
				CLANG_ANALYZER_NONNULL = YES;
				CLANG_ANALYZER_NUMBER_OBJECT_CONVERSION = YES_AGGRESSIVE;
				CLANG_CXX_LANGUAGE_STANDARD = "gnu++14";
				CLANG_CXX_LIBRARY = "libc++";
				CLANG_ENABLE_MODULES = YES;
				CLANG_ENABLE_OBJC_ARC = YES;
				CLANG_ENABLE_OBJC_WEAK = YES;
				CLANG_WARN_BLOCK_CAPTURE_AUTORELEASING = YES;
				CLANG_WARN_BOOL_CONVERSION = YES;
				CLANG_WARN_COMMA = YES;
				CLANG_WARN_CONSTANT_CONVERSION = YES;
				CLANG_WARN_DEPRECATED_OBJC_IMPLEMENTATIONS = YES;
				CLANG_WARN_DIRECT_OBJC_ISA_USAGE = YES_ERROR;
				CLANG_WARN_DOCUMENTATION_COMMENTS = YES;
				CLANG_WARN_EMPTY_BODY = YES;
				CLANG_WARN_ENUM_CONVERSION = YES;
				CLANG_WARN_INFINITE_RECURSION = YES;
				CLANG_WARN_INT_CONVERSION = YES;
				CLANG_WARN_NON_LITERAL_NULL_CONVERSION = YES;
				CLANG_WARN_OBJC_IMPLICIT_RETAIN_SELF = YES;
				CLANG_WARN_OBJC_LITERAL_CONVERSION = YES;
				CLANG_WARN_OBJC_ROOT_CLASS = YES_ERROR;
				CLANG_WARN_RANGE_LOOP_ANALYSIS = YES;
				CLANG_WARN_STRICT_PROTOTYPES = YES;
				CLANG_WARN_SUSPICIOUS_MOVE = YES;
				CLANG_WARN_UNGUARDED_AVAILABILITY = YES_AGGRESSIVE;
				CLANG_WARN_UNREACHABLE_CODE = YES;
				CLANG_WARN__DUPLICATE_METHOD_MATCH = YES;
				COPY_PHASE_STRIP = NO;
				DEBUG_INFORMATION_FORMAT = dwarf;
				ENABLE_STRICT_OBJC_MSGSEND = YES;
				ENABLE_TESTABILITY = YES;
				GCC_C_LANGUAGE_STANDARD = gnu11;
				GCC_DYNAMIC_NO_PIC = NO;
				GCC_NO_COMMON_BLOCKS = YES;
				GCC_OPTIMIZATION_LEVEL = 0;
				GCC_PREPROCESSOR_DEFINITIONS = (
					"DEBUG=1",
					"$(inherited)",
				);
				GCC_WARN_64_TO_32_BIT_CONVERSION = YES;
				GCC_WARN_ABOUT_RETURN_TYPE = YES_ERROR;
				GCC_WARN_UNDECLARED_SELECTOR = YES;
				GCC_WARN_UNINITIALIZED_AUTOS = YES_AGGRESSIVE;
				GCC_WARN_UNUSED_FUNCTION = YES;
				GCC_WARN_UNUSED_VARIABLE = YES;
				IPHONEOS_DEPLOYMENT_TARGET = 13.2;
				MTL_ENABLE_DEBUG_INFO = INCLUDE_SOURCE;
				MTL_FAST_MATH = YES;
				ONLY_ACTIVE_ARCH = YES;
				SDKROOT = iphoneos;
				SWIFT_ACTIVE_COMPILATION_CONDITIONS = DEBUG;
				SWIFT_OPTIMIZATION_LEVEL = "-Onone";
			};
			name = Debug;
		};
		EE092C7323F5C91500B30E08 /* Release */ = {
			isa = XCBuildConfiguration;
			buildSettings = {
				ALWAYS_SEARCH_USER_PATHS = NO;
				CLANG_ANALYZER_NONNULL = YES;
				CLANG_ANALYZER_NUMBER_OBJECT_CONVERSION = YES_AGGRESSIVE;
				CLANG_CXX_LANGUAGE_STANDARD = "gnu++14";
				CLANG_CXX_LIBRARY = "libc++";
				CLANG_ENABLE_MODULES = YES;
				CLANG_ENABLE_OBJC_ARC = YES;
				CLANG_ENABLE_OBJC_WEAK = YES;
				CLANG_WARN_BLOCK_CAPTURE_AUTORELEASING = YES;
				CLANG_WARN_BOOL_CONVERSION = YES;
				CLANG_WARN_COMMA = YES;
				CLANG_WARN_CONSTANT_CONVERSION = YES;
				CLANG_WARN_DEPRECATED_OBJC_IMPLEMENTATIONS = YES;
				CLANG_WARN_DIRECT_OBJC_ISA_USAGE = YES_ERROR;
				CLANG_WARN_DOCUMENTATION_COMMENTS = YES;
				CLANG_WARN_EMPTY_BODY = YES;
				CLANG_WARN_ENUM_CONVERSION = YES;
				CLANG_WARN_INFINITE_RECURSION = YES;
				CLANG_WARN_INT_CONVERSION = YES;
				CLANG_WARN_NON_LITERAL_NULL_CONVERSION = YES;
				CLANG_WARN_OBJC_IMPLICIT_RETAIN_SELF = YES;
				CLANG_WARN_OBJC_LITERAL_CONVERSION = YES;
				CLANG_WARN_OBJC_ROOT_CLASS = YES_ERROR;
				CLANG_WARN_RANGE_LOOP_ANALYSIS = YES;
				CLANG_WARN_STRICT_PROTOTYPES = YES;
				CLANG_WARN_SUSPICIOUS_MOVE = YES;
				CLANG_WARN_UNGUARDED_AVAILABILITY = YES_AGGRESSIVE;
				CLANG_WARN_UNREACHABLE_CODE = YES;
				CLANG_WARN__DUPLICATE_METHOD_MATCH = YES;
				COPY_PHASE_STRIP = NO;
				DEBUG_INFORMATION_FORMAT = "dwarf-with-dsym";
				ENABLE_NS_ASSERTIONS = NO;
				ENABLE_STRICT_OBJC_MSGSEND = YES;
				GCC_C_LANGUAGE_STANDARD = gnu11;
				GCC_NO_COMMON_BLOCKS = YES;
				GCC_WARN_64_TO_32_BIT_CONVERSION = YES;
				GCC_WARN_ABOUT_RETURN_TYPE = YES_ERROR;
				GCC_WARN_UNDECLARED_SELECTOR = YES;
				GCC_WARN_UNINITIALIZED_AUTOS = YES_AGGRESSIVE;
				GCC_WARN_UNUSED_FUNCTION = YES;
				GCC_WARN_UNUSED_VARIABLE = YES;
				IPHONEOS_DEPLOYMENT_TARGET = 13.2;
				MTL_ENABLE_DEBUG_INFO = NO;
				MTL_FAST_MATH = YES;
				SDKROOT = iphoneos;
				SWIFT_COMPILATION_MODE = wholemodule;
				SWIFT_OPTIMIZATION_LEVEL = "-O";
				VALIDATE_PRODUCT = YES;
			};
			name = Release;
		};
		EE092C7523F5C91500B30E08 /* Debug */ = {
			isa = XCBuildConfiguration;
			baseConfigurationReference = 6B040B5712841FD06F6CD328 /* Pods-TinkoffChat.debug.xcconfig */;
			buildSettings = {
				ASSETCATALOG_COMPILER_APPICON_NAME = AppIcon;
				CODE_SIGN_STYLE = Automatic;
				DEVELOPMENT_TEAM = 9DT65SS5ZB;
				INFOPLIST_FILE = TinkoffChat/Resources/Info.plist;
				IPHONEOS_DEPLOYMENT_TARGET = 11.0;
				LD_RUNPATH_SEARCH_PATHS = (
					"$(inherited)",
					"@executable_path/Frameworks",
				);
				PRODUCT_BUNDLE_IDENTIFIER = ru.tinkoff.messenger;
				PRODUCT_NAME = "$(TARGET_NAME)";
				SWIFT_ACTIVE_COMPILATION_CONDITIONS = DEBUG;
				SWIFT_VERSION = 5.0;
				TARGETED_DEVICE_FAMILY = 1;
			};
			name = Debug;
		};
		EE092C7623F5C91500B30E08 /* Release */ = {
			isa = XCBuildConfiguration;
			baseConfigurationReference = B64473E398CFD9BC79F48947 /* Pods-TinkoffChat.release.xcconfig */;
			buildSettings = {
				ASSETCATALOG_COMPILER_APPICON_NAME = AppIcon;
				CODE_SIGN_STYLE = Automatic;
				DEVELOPMENT_TEAM = 9DT65SS5ZB;
				INFOPLIST_FILE = TinkoffChat/Resources/Info.plist;
				IPHONEOS_DEPLOYMENT_TARGET = 11.0;
				LD_RUNPATH_SEARCH_PATHS = (
					"$(inherited)",
					"@executable_path/Frameworks",
				);
				PRODUCT_BUNDLE_IDENTIFIER = ru.tinkoff.messenger;
				PRODUCT_NAME = "$(TARGET_NAME)";
				SWIFT_VERSION = 5.0;
				TARGETED_DEVICE_FAMILY = 1;
			};
			name = Release;
		};
		EE092C7823F5C91500B30E08 /* Debug */ = {
			isa = XCBuildConfiguration;
			baseConfigurationReference = 45A5F462977F29405336BB96 /* Pods-TinkoffChatTests.debug.xcconfig */;
			buildSettings = {
				ALWAYS_EMBED_SWIFT_STANDARD_LIBRARIES = YES;
				BUNDLE_LOADER = "$(TEST_HOST)";
				CODE_SIGN_STYLE = Automatic;
				DEVELOPMENT_TEAM = 9DT65SS5ZB;
				HEADER_SEARCH_PATHS = "\"${PODS_ROOT}/Firebase/Core/Sources\"";
				INFOPLIST_FILE = TinkoffChatTests/Info.plist;
				IPHONEOS_DEPLOYMENT_TARGET = 13.2;
				LD_RUNPATH_SEARCH_PATHS = (
					"$(inherited)",
					"@executable_path/Frameworks",
					"@loader_path/Frameworks",
				);
				PRODUCT_BUNDLE_IDENTIFIER = com.ArtemEmelianov.TinkoffChatTests;
				PRODUCT_NAME = "$(TARGET_NAME)";
				SWIFT_VERSION = 5.0;
				TARGETED_DEVICE_FAMILY = "1,2";
				TEST_HOST = "$(BUILT_PRODUCTS_DIR)/TinkoffChat.app/TinkoffChat";
			};
			name = Debug;
		};
		EE092C7923F5C91500B30E08 /* Release */ = {
			isa = XCBuildConfiguration;
			baseConfigurationReference = 5BBF7FF45E74C6AF18F211D0 /* Pods-TinkoffChatTests.release.xcconfig */;
			buildSettings = {
				ALWAYS_EMBED_SWIFT_STANDARD_LIBRARIES = YES;
				BUNDLE_LOADER = "$(TEST_HOST)";
				CODE_SIGN_STYLE = Automatic;
				DEVELOPMENT_TEAM = 9DT65SS5ZB;
				HEADER_SEARCH_PATHS = "\"${PODS_ROOT}/Firebase/Core/Sources\"";
				INFOPLIST_FILE = TinkoffChatTests/Info.plist;
				IPHONEOS_DEPLOYMENT_TARGET = 13.2;
				LD_RUNPATH_SEARCH_PATHS = (
					"$(inherited)",
					"@executable_path/Frameworks",
					"@loader_path/Frameworks",
				);
				PRODUCT_BUNDLE_IDENTIFIER = com.ArtemEmelianov.TinkoffChatTests;
				PRODUCT_NAME = "$(TARGET_NAME)";
				SWIFT_VERSION = 5.0;
				TARGETED_DEVICE_FAMILY = "1,2";
				TEST_HOST = "$(BUILT_PRODUCTS_DIR)/TinkoffChat.app/TinkoffChat";
			};
			name = Release;
		};
		EEC1D7A52411174000CA961E /* Debug */ = {
			isa = XCBuildConfiguration;
			buildSettings = {
				CODE_SIGN_STYLE = Automatic;
				CURRENT_PROJECT_VERSION = 1;
				DEFINES_MODULE = YES;
				DEVELOPMENT_TEAM = 9DT65SS5ZB;
				DYLIB_COMPATIBILITY_VERSION = 1;
				DYLIB_CURRENT_VERSION = 1;
				DYLIB_INSTALL_NAME_BASE = "@rpath";
				INFOPLIST_FILE = "TinkoffChat-iOS/Info.plist";
				INSTALL_PATH = "$(LOCAL_LIBRARY_DIR)/Frameworks";
				LD_RUNPATH_SEARCH_PATHS = (
					"$(inherited)",
					"@executable_path/Frameworks",
					"@loader_path/Frameworks",
				);
				PRODUCT_BUNDLE_IDENTIFIER = "com.ArtemEmelianov.TinkoffChat-iOS";
				PRODUCT_NAME = TinkoffChat;
				SKIP_INSTALL = YES;
				SWIFT_VERSION = 5.0;
				TARGETED_DEVICE_FAMILY = "1,2";
				VERSIONING_SYSTEM = "apple-generic";
				VERSION_INFO_PREFIX = "";
			};
			name = Debug;
		};
		EEC1D7A62411174000CA961E /* Release */ = {
			isa = XCBuildConfiguration;
			buildSettings = {
				CODE_SIGN_STYLE = Automatic;
				CURRENT_PROJECT_VERSION = 1;
				DEFINES_MODULE = YES;
				DEVELOPMENT_TEAM = 9DT65SS5ZB;
				DYLIB_COMPATIBILITY_VERSION = 1;
				DYLIB_CURRENT_VERSION = 1;
				DYLIB_INSTALL_NAME_BASE = "@rpath";
				INFOPLIST_FILE = "TinkoffChat-iOS/Info.plist";
				INSTALL_PATH = "$(LOCAL_LIBRARY_DIR)/Frameworks";
				LD_RUNPATH_SEARCH_PATHS = (
					"$(inherited)",
					"@executable_path/Frameworks",
					"@loader_path/Frameworks",
				);
				PRODUCT_BUNDLE_IDENTIFIER = "com.ArtemEmelianov.TinkoffChat-iOS";
				PRODUCT_NAME = TinkoffChat;
				SKIP_INSTALL = YES;
				SWIFT_VERSION = 5.0;
				TARGETED_DEVICE_FAMILY = "1,2";
				VERSIONING_SYSTEM = "apple-generic";
				VERSION_INFO_PREFIX = "";
			};
			name = Release;
		};
/* End XCBuildConfiguration section */

/* Begin XCConfigurationList section */
		EE092C4D23F5C91500B30E08 /* Build configuration list for PBXProject "TinkoffChat" */ = {
			isa = XCConfigurationList;
			buildConfigurations = (
				EE092C7223F5C91500B30E08 /* Debug */,
				EE092C7323F5C91500B30E08 /* Release */,
			);
			defaultConfigurationIsVisible = 0;
			defaultConfigurationName = Release;
		};
		EE092C7423F5C91500B30E08 /* Build configuration list for PBXNativeTarget "TinkoffChat" */ = {
			isa = XCConfigurationList;
			buildConfigurations = (
				EE092C7523F5C91500B30E08 /* Debug */,
				EE092C7623F5C91500B30E08 /* Release */,
			);
			defaultConfigurationIsVisible = 0;
			defaultConfigurationName = Release;
		};
		EE092C7723F5C91500B30E08 /* Build configuration list for PBXNativeTarget "TinkoffChatTests" */ = {
			isa = XCConfigurationList;
			buildConfigurations = (
				EE092C7823F5C91500B30E08 /* Debug */,
				EE092C7923F5C91500B30E08 /* Release */,
			);
			defaultConfigurationIsVisible = 0;
			defaultConfigurationName = Release;
		};
		EEC1D7A72411174000CA961E /* Build configuration list for PBXNativeTarget "TinkoffChat-iOS" */ = {
			isa = XCConfigurationList;
			buildConfigurations = (
				EEC1D7A52411174000CA961E /* Debug */,
				EEC1D7A62411174000CA961E /* Release */,
			);
			defaultConfigurationIsVisible = 0;
			defaultConfigurationName = Release;
		};
/* End XCConfigurationList section */

/* Begin XCVersionGroup section */
		EE2560862440D9A6005BEFEB /* CoreDataModel.xcdatamodeld */ = {
			isa = XCVersionGroup;
			children = (
				EE2560872440D9A6005BEFEB /* CoreDataModel.xcdatamodel */,
				EE2560882440D9A6005BEFEB /* CoreDataModel2.xcdatamodel */,
			);
			currentVersion = EE2560882440D9A6005BEFEB /* CoreDataModel2.xcdatamodel */;
			path = CoreDataModel.xcdatamodeld;
			sourceTree = "<group>";
			versionGroupType = wrapper.xcdatamodel;
		};
/* End XCVersionGroup section */
	};
	rootObject = EE092C4A23F5C91500B30E08 /* Project object */;
}
